// !$*UTF8*$!
{
	archiveVersion = 1;
	classes = {
	};
	objectVersion = 56;
	objects = {

/* Begin PBXBuildFile section */
		2589C39C29EFAB3A00150372 /* PlanCSApp.swift in Sources */ = {isa = PBXBuildFile; fileRef = 2589C39B29EFAB3A00150372 /* PlanCSApp.swift */; };
		2589C39E29EFAB3A00150372 /* ContentView.swift in Sources */ = {isa = PBXBuildFile; fileRef = 2589C39D29EFAB3A00150372 /* ContentView.swift */; };
		2589C3A029EFAB3A00150372 /* Assets.xcassets in Resources */ = {isa = PBXBuildFile; fileRef = 2589C39F29EFAB3A00150372 /* Assets.xcassets */; };
		2589C3A429EFAB3A00150372 /* Preview Assets.xcassets in Resources */ = {isa = PBXBuildFile; fileRef = 2589C3A329EFAB3A00150372 /* Preview Assets.xcassets */; };
		2589C3AE29EFAB3B00150372 /* PlanCSTests.swift in Sources */ = {isa = PBXBuildFile; fileRef = 2589C3AD29EFAB3B00150372 /* PlanCSTests.swift */; };
		2589C3B829EFAB3B00150372 /* PlanCSUITests.swift in Sources */ = {isa = PBXBuildFile; fileRef = 2589C3B729EFAB3B00150372 /* PlanCSUITests.swift */; };
		2589C3BA29EFAB3B00150372 /* PlanCSUITestsLaunchTests.swift in Sources */ = {isa = PBXBuildFile; fileRef = 2589C3B929EFAB3B00150372 /* PlanCSUITestsLaunchTests.swift */; };
		2589C3C929EFACF900150372 /* music_path1View.swift in Sources */ = {isa = PBXBuildFile; fileRef = 2589C3C829EFACF900150372 /* music_path1View.swift */; };
		2589C3CB29EFAD1000150372 /* music_path2View.swift in Sources */ = {isa = PBXBuildFile; fileRef = 2589C3CA29EFAD1000150372 /* music_path2View.swift */; };
		2589C3CD29EFAD4300150372 /* music_path3View.swift in Sources */ = {isa = PBXBuildFile; fileRef = 2589C3CC29EFAD4300150372 /* music_path3View.swift */; };
		2589C3CF29EFAD5A00150372 /* music_path4View.swift in Sources */ = {isa = PBXBuildFile; fileRef = 2589C3CE29EFAD5A00150372 /* music_path4View.swift */; };
		C16464FC29F0B8D000988434 /* PomodoroTimerView.swift in Sources */ = {isa = PBXBuildFile; fileRef = C16464FB29F0B8D000988434 /* PomodoroTimerView.swift */; };
		C16464FE29F0B8E500988434 /* CalendarEventView.swift in Sources */ = {isa = PBXBuildFile; fileRef = C16464FD29F0B8E500988434 /* CalendarEventView.swift */; };
		C164650129F0B8F500988434 /* ForumsTopView.swift in Sources */ = {isa = PBXBuildFile; fileRef = C164650029F0B8F500988434 /* ForumsTopView.swift */; };
		C164650329F0B90200988434 /* MusicSuggestionsView.swift in Sources */ = {isa = PBXBuildFile; fileRef = C164650229F0B90200988434 /* MusicSuggestionsView.swift */; };
		C164650629F0BA6800988434 /* User.swift in Sources */ = {isa = PBXBuildFile; fileRef = C164650529F0BA6800988434 /* User.swift */; };
		C164650B29F0BE5800988434 /* users.json in Resources */ = {isa = PBXBuildFile; fileRef = C164650A29F0BE5800988434 /* users.json */; };
		C164650D29F0BEEF00988434 /* UserDataService.swift in Sources */ = {isa = PBXBuildFile; fileRef = C164650C29F0BEEF00988434 /* UserDataService.swift */; };
		C164651029F0C4A000988434 /* LoginFormView.swift in Sources */ = {isa = PBXBuildFile; fileRef = C164650F29F0C4A000988434 /* LoginFormView.swift */; };
		C164651329F0D56900988434 /* CalendarView.swift in Sources */ = {isa = PBXBuildFile; fileRef = C164651229F0D56900988434 /* CalendarView.swift */; };
		C164651529F0D5B900988434 /* EventTextBoxView.swift in Sources */ = {isa = PBXBuildFile; fileRef = C164651429F0D5B900988434 /* EventTextBoxView.swift */; };
		C164651729F0DBFE00988434 /* TitleView.swift in Sources */ = {isa = PBXBuildFile; fileRef = C164651629F0DBFE00988434 /* TitleView.swift */; };
		C164651929F0E70900988434 /* forums.json in Resources */ = {isa = PBXBuildFile; fileRef = C164651829F0E70900988434 /* forums.json */; };
		C164651B29F0E73600988434 /* Forum.swift in Sources */ = {isa = PBXBuildFile; fileRef = C164651A29F0E73600988434 /* Forum.swift */; };
		C164651D29F0ECBA00988434 /* ForumDataService.swift in Sources */ = {isa = PBXBuildFile; fileRef = C164651C29F0ECBA00988434 /* ForumDataService.swift */; };
		C164652029F0EDDA00988434 /* ForumModel.swift in Sources */ = {isa = PBXBuildFile; fileRef = C164651F29F0EDDA00988434 /* ForumModel.swift */; };
		C164652229F0F21400988434 /* ForumView.swift in Sources */ = {isa = PBXBuildFile; fileRef = C164652129F0F21400988434 /* ForumView.swift */; };
		C164652429F0F27F00988434 /* CreateForumView.swift in Sources */ = {isa = PBXBuildFile; fileRef = C164652329F0F27F00988434 /* CreateForumView.swift */; };
		C164652629F1B8B900988434 /* UserModel.swift in Sources */ = {isa = PBXBuildFile; fileRef = C164652529F1B8B900988434 /* UserModel.swift */; };
		C164652829F1BC0100988434 /* CreateAccountPopupView.swift in Sources */ = {isa = PBXBuildFile; fileRef = C164652729F1BC0100988434 /* CreateAccountPopupView.swift */; };
		C164652A29F1BC1600988434 /* WrongPasswordPopupView.swift in Sources */ = {isa = PBXBuildFile; fileRef = C164652929F1BC1600988434 /* WrongPasswordPopupView.swift */; };
		C164652C29F1C3FB00988434 /* LoggedInSuccessPopupView.swift in Sources */ = {isa = PBXBuildFile; fileRef = C164652B29F1C3FB00988434 /* LoggedInSuccessPopupView.swift */; };
		C196A5BE29F090AB003DE1E7 /* Font.swift in Sources */ = {isa = PBXBuildFile; fileRef = C196A5BD29F090AB003DE1E7 /* Font.swift */; };
		C196A5C029F090CB003DE1E7 /* Color.swift in Sources */ = {isa = PBXBuildFile; fileRef = C196A5BF29F090CB003DE1E7 /* Color.swift */; };
		C196A5C329F09145003DE1E7 /* LoginView.swift in Sources */ = {isa = PBXBuildFile; fileRef = C196A5C229F09145003DE1E7 /* LoginView.swift */; };
		C196A5C529F09150003DE1E7 /* MainMenuView.swift in Sources */ = {isa = PBXBuildFile; fileRef = C196A5C429F09150003DE1E7 /* MainMenuView.swift */; };
		C196A5C729F09169003DE1E7 /* InputFieldView.swift in Sources */ = {isa = PBXBuildFile; fileRef = C196A5C629F09169003DE1E7 /* InputFieldView.swift */; };
		C196A5C929F09577003DE1E7 /* BitWise.ttf in Resources */ = {isa = PBXBuildFile; fileRef = C196A5C829F09577003DE1E7 /* BitWise.ttf */; };
		C196A5CB29F0957F003DE1E7 /* DigitalNumbers.otf in Resources */ = {isa = PBXBuildFile; fileRef = C196A5CA29F0957F003DE1E7 /* DigitalNumbers.otf */; };
		C196A5CD29F09586003DE1E7 /* ModeSeven.ttf in Resources */ = {isa = PBXBuildFile; fileRef = C196A5CC29F09586003DE1E7 /* ModeSeven.ttf */; };
/* End PBXBuildFile section */

/* Begin PBXContainerItemProxy section */
		2589C3AA29EFAB3B00150372 /* PBXContainerItemProxy */ = {
			isa = PBXContainerItemProxy;
			containerPortal = 2589C39029EFAB3A00150372 /* Project object */;
			proxyType = 1;
			remoteGlobalIDString = 2589C39729EFAB3A00150372;
			remoteInfo = PlanCS;
		};
		2589C3B429EFAB3B00150372 /* PBXContainerItemProxy */ = {
			isa = PBXContainerItemProxy;
			containerPortal = 2589C39029EFAB3A00150372 /* Project object */;
			proxyType = 1;
			remoteGlobalIDString = 2589C39729EFAB3A00150372;
			remoteInfo = PlanCS;
		};
/* End PBXContainerItemProxy section */

/* Begin PBXFileReference section */
		2589C39829EFAB3A00150372 /* PlanCS.app */ = {isa = PBXFileReference; explicitFileType = wrapper.application; includeInIndex = 0; path = PlanCS.app; sourceTree = BUILT_PRODUCTS_DIR; };
		2589C39B29EFAB3A00150372 /* PlanCSApp.swift */ = {isa = PBXFileReference; lastKnownFileType = sourcecode.swift; path = PlanCSApp.swift; sourceTree = "<group>"; };
		2589C39D29EFAB3A00150372 /* ContentView.swift */ = {isa = PBXFileReference; lastKnownFileType = sourcecode.swift; path = ContentView.swift; sourceTree = "<group>"; };
		2589C39F29EFAB3A00150372 /* Assets.xcassets */ = {isa = PBXFileReference; lastKnownFileType = folder.assetcatalog; path = Assets.xcassets; sourceTree = "<group>"; };
		2589C3A129EFAB3A00150372 /* PlanCS.entitlements */ = {isa = PBXFileReference; lastKnownFileType = text.plist.entitlements; path = PlanCS.entitlements; sourceTree = "<group>"; };
		2589C3A329EFAB3A00150372 /* Preview Assets.xcassets */ = {isa = PBXFileReference; lastKnownFileType = folder.assetcatalog; path = "Preview Assets.xcassets"; sourceTree = "<group>"; };
		2589C3A929EFAB3B00150372 /* PlanCSTests.xctest */ = {isa = PBXFileReference; explicitFileType = wrapper.cfbundle; includeInIndex = 0; path = PlanCSTests.xctest; sourceTree = BUILT_PRODUCTS_DIR; };
		2589C3AD29EFAB3B00150372 /* PlanCSTests.swift */ = {isa = PBXFileReference; lastKnownFileType = sourcecode.swift; path = PlanCSTests.swift; sourceTree = "<group>"; };
		2589C3B329EFAB3B00150372 /* PlanCSUITests.xctest */ = {isa = PBXFileReference; explicitFileType = wrapper.cfbundle; includeInIndex = 0; path = PlanCSUITests.xctest; sourceTree = BUILT_PRODUCTS_DIR; };
		2589C3B729EFAB3B00150372 /* PlanCSUITests.swift */ = {isa = PBXFileReference; lastKnownFileType = sourcecode.swift; path = PlanCSUITests.swift; sourceTree = "<group>"; };
		2589C3B929EFAB3B00150372 /* PlanCSUITestsLaunchTests.swift */ = {isa = PBXFileReference; lastKnownFileType = sourcecode.swift; path = PlanCSUITestsLaunchTests.swift; sourceTree = "<group>"; };
		2589C3C829EFACF900150372 /* music_path1View.swift */ = {isa = PBXFileReference; lastKnownFileType = sourcecode.swift; path = music_path1View.swift; sourceTree = "<group>"; };
		2589C3CA29EFAD1000150372 /* music_path2View.swift */ = {isa = PBXFileReference; lastKnownFileType = sourcecode.swift; path = music_path2View.swift; sourceTree = "<group>"; };
		2589C3CC29EFAD4300150372 /* music_path3View.swift */ = {isa = PBXFileReference; lastKnownFileType = sourcecode.swift; path = music_path3View.swift; sourceTree = "<group>"; };
		2589C3CE29EFAD5A00150372 /* music_path4View.swift */ = {isa = PBXFileReference; lastKnownFileType = sourcecode.swift; path = music_path4View.swift; sourceTree = "<group>"; };
		C16464FB29F0B8D000988434 /* PomodoroTimerView.swift */ = {isa = PBXFileReference; lastKnownFileType = sourcecode.swift; path = PomodoroTimerView.swift; sourceTree = "<group>"; };
		C16464FD29F0B8E500988434 /* CalendarEventView.swift */ = {isa = PBXFileReference; lastKnownFileType = sourcecode.swift; path = CalendarEventView.swift; sourceTree = "<group>"; };
		C164650029F0B8F500988434 /* ForumsTopView.swift */ = {isa = PBXFileReference; lastKnownFileType = sourcecode.swift; path = ForumsTopView.swift; sourceTree = "<group>"; };
		C164650229F0B90200988434 /* MusicSuggestionsView.swift */ = {isa = PBXFileReference; lastKnownFileType = sourcecode.swift; path = MusicSuggestionsView.swift; sourceTree = "<group>"; };
		C164650529F0BA6800988434 /* User.swift */ = {isa = PBXFileReference; lastKnownFileType = sourcecode.swift; path = User.swift; sourceTree = "<group>"; };
		C164650A29F0BE5800988434 /* users.json */ = {isa = PBXFileReference; lastKnownFileType = text.json; path = users.json; sourceTree = "<group>"; };
		C164650C29F0BEEF00988434 /* UserDataService.swift */ = {isa = PBXFileReference; lastKnownFileType = sourcecode.swift; path = UserDataService.swift; sourceTree = "<group>"; };
		C164650F29F0C4A000988434 /* LoginFormView.swift */ = {isa = PBXFileReference; lastKnownFileType = sourcecode.swift; path = LoginFormView.swift; sourceTree = "<group>"; };
		C164651229F0D56900988434 /* CalendarView.swift */ = {isa = PBXFileReference; lastKnownFileType = sourcecode.swift; path = CalendarView.swift; sourceTree = "<group>"; };
		C164651429F0D5B900988434 /* EventTextBoxView.swift */ = {isa = PBXFileReference; lastKnownFileType = sourcecode.swift; path = EventTextBoxView.swift; sourceTree = "<group>"; };
		C164651629F0DBFE00988434 /* TitleView.swift */ = {isa = PBXFileReference; lastKnownFileType = sourcecode.swift; path = TitleView.swift; sourceTree = "<group>"; };
		C164651829F0E70900988434 /* forums.json */ = {isa = PBXFileReference; lastKnownFileType = text.json; path = forums.json; sourceTree = "<group>"; };
		C164651A29F0E73600988434 /* Forum.swift */ = {isa = PBXFileReference; lastKnownFileType = sourcecode.swift; path = Forum.swift; sourceTree = "<group>"; };
		C164651C29F0ECBA00988434 /* ForumDataService.swift */ = {isa = PBXFileReference; lastKnownFileType = sourcecode.swift; path = ForumDataService.swift; sourceTree = "<group>"; };
		C164651F29F0EDDA00988434 /* ForumModel.swift */ = {isa = PBXFileReference; lastKnownFileType = sourcecode.swift; path = ForumModel.swift; sourceTree = "<group>"; };
		C164652129F0F21400988434 /* ForumView.swift */ = {isa = PBXFileReference; lastKnownFileType = sourcecode.swift; path = ForumView.swift; sourceTree = "<group>"; };
		C164652329F0F27F00988434 /* CreateForumView.swift */ = {isa = PBXFileReference; lastKnownFileType = sourcecode.swift; path = CreateForumView.swift; sourceTree = "<group>"; };
		C164652529F1B8B900988434 /* UserModel.swift */ = {isa = PBXFileReference; lastKnownFileType = sourcecode.swift; path = UserModel.swift; sourceTree = "<group>"; };
		C164652729F1BC0100988434 /* CreateAccountPopupView.swift */ = {isa = PBXFileReference; lastKnownFileType = sourcecode.swift; path = CreateAccountPopupView.swift; sourceTree = "<group>"; };
		C164652929F1BC1600988434 /* WrongPasswordPopupView.swift */ = {isa = PBXFileReference; lastKnownFileType = sourcecode.swift; path = WrongPasswordPopupView.swift; sourceTree = "<group>"; };
		C164652B29F1C3FB00988434 /* LoggedInSuccessPopupView.swift */ = {isa = PBXFileReference; lastKnownFileType = sourcecode.swift; path = LoggedInSuccessPopupView.swift; sourceTree = "<group>"; };
		C196A5BD29F090AB003DE1E7 /* Font.swift */ = {isa = PBXFileReference; lastKnownFileType = sourcecode.swift; path = Font.swift; sourceTree = "<group>"; };
		C196A5BF29F090CB003DE1E7 /* Color.swift */ = {isa = PBXFileReference; lastKnownFileType = sourcecode.swift; path = Color.swift; sourceTree = "<group>"; };
		C196A5C129F090FD003DE1E7 /* Info.plist */ = {isa = PBXFileReference; lastKnownFileType = text.plist; path = Info.plist; sourceTree = "<group>"; };
		C196A5C229F09145003DE1E7 /* LoginView.swift */ = {isa = PBXFileReference; lastKnownFileType = sourcecode.swift; path = LoginView.swift; sourceTree = "<group>"; };
		C196A5C429F09150003DE1E7 /* MainMenuView.swift */ = {isa = PBXFileReference; lastKnownFileType = sourcecode.swift; path = MainMenuView.swift; sourceTree = "<group>"; };
		C196A5C629F09169003DE1E7 /* InputFieldView.swift */ = {isa = PBXFileReference; lastKnownFileType = sourcecode.swift; path = InputFieldView.swift; sourceTree = "<group>"; };
		C196A5C829F09577003DE1E7 /* BitWise.ttf */ = {isa = PBXFileReference; lastKnownFileType = file; path = BitWise.ttf; sourceTree = "<group>"; };
		C196A5CA29F0957F003DE1E7 /* DigitalNumbers.otf */ = {isa = PBXFileReference; lastKnownFileType = file; path = DigitalNumbers.otf; sourceTree = "<group>"; };
		C196A5CC29F09586003DE1E7 /* ModeSeven.ttf */ = {isa = PBXFileReference; lastKnownFileType = file; path = ModeSeven.ttf; sourceTree = "<group>"; };
/* End PBXFileReference section */

/* Begin PBXFrameworksBuildPhase section */
		2589C39529EFAB3A00150372 /* Frameworks */ = {
			isa = PBXFrameworksBuildPhase;
			buildActionMask = 2147483647;
			files = (
			);
			runOnlyForDeploymentPostprocessing = 0;
		};
		2589C3A629EFAB3B00150372 /* Frameworks */ = {
			isa = PBXFrameworksBuildPhase;
			buildActionMask = 2147483647;
			files = (
			);
			runOnlyForDeploymentPostprocessing = 0;
		};
		2589C3B029EFAB3B00150372 /* Frameworks */ = {
			isa = PBXFrameworksBuildPhase;
			buildActionMask = 2147483647;
			files = (
			);
			runOnlyForDeploymentPostprocessing = 0;
		};
/* End PBXFrameworksBuildPhase section */

/* Begin PBXGroup section */
		2589C38F29EFAB3A00150372 = {
			isa = PBXGroup;
			children = (
				2589C39A29EFAB3A00150372 /* PlanCS */,
				2589C3AC29EFAB3B00150372 /* PlanCSTests */,
				2589C3B629EFAB3B00150372 /* PlanCSUITests */,
				2589C39929EFAB3A00150372 /* Products */,
			);
			sourceTree = "<group>";
		};
		2589C39929EFAB3A00150372 /* Products */ = {
			isa = PBXGroup;
			children = (
				2589C39829EFAB3A00150372 /* PlanCS.app */,
				2589C3A929EFAB3B00150372 /* PlanCSTests.xctest */,
				2589C3B329EFAB3B00150372 /* PlanCSUITests.xctest */,
			);
			name = Products;
			sourceTree = "<group>";
		};
		2589C39A29EFAB3A00150372 /* PlanCS */ = {
			isa = PBXGroup;
			children = (
				C196A5C129F090FD003DE1E7 /* Info.plist */,
				2589C39B29EFAB3A00150372 /* PlanCSApp.swift */,
				C164650429F0BA5B00988434 /* Models */,
				C164651E29F0EDC300988434 /* ViewModels */,
				C196A5B929F09071003DE1E7 /* Views */,
				C196A5BA29F09078003DE1E7 /* Helpers */,
				C164650E29F0BEF300988434 /* Services */,
				C164650729F0BB3300988434 /* Data */,
				2589C39D29EFAB3A00150372 /* ContentView.swift */,
				2589C39F29EFAB3A00150372 /* Assets.xcassets */,
				2589C3A129EFAB3A00150372 /* PlanCS.entitlements */,
				2589C3A229EFAB3A00150372 /* Preview Content */,
				2589C3C829EFACF900150372 /* music_path1View.swift */,
				2589C3CA29EFAD1000150372 /* music_path2View.swift */,
				2589C3CC29EFAD4300150372 /* music_path3View.swift */,
				2589C3CE29EFAD5A00150372 /* music_path4View.swift */,
			);
			path = PlanCS;
			sourceTree = "<group>";
		};
		2589C3A229EFAB3A00150372 /* Preview Content */ = {
			isa = PBXGroup;
			children = (
				2589C3A329EFAB3A00150372 /* Preview Assets.xcassets */,
			);
			path = "Preview Content";
			sourceTree = "<group>";
		};
		2589C3AC29EFAB3B00150372 /* PlanCSTests */ = {
			isa = PBXGroup;
			children = (
				2589C3AD29EFAB3B00150372 /* PlanCSTests.swift */,
			);
			path = PlanCSTests;
			sourceTree = "<group>";
		};
		2589C3B629EFAB3B00150372 /* PlanCSUITests */ = {
			isa = PBXGroup;
			children = (
				2589C3B729EFAB3B00150372 /* PlanCSUITests.swift */,
				2589C3B929EFAB3B00150372 /* PlanCSUITestsLaunchTests.swift */,
			);
			path = PlanCSUITests;
			sourceTree = "<group>";
		};
		C16464F629F0B70400988434 /* Minor Views */ = {
			isa = PBXGroup;
			children = (
				C196A5C629F09169003DE1E7 /* InputFieldView.swift */,
				C164650F29F0C4A000988434 /* LoginFormView.swift */,
				C164651429F0D5B900988434 /* EventTextBoxView.swift */,
				C164651629F0DBFE00988434 /* TitleView.swift */,
				C164652729F1BC0100988434 /* CreateAccountPopupView.swift */,
				C164652929F1BC1600988434 /* WrongPasswordPopupView.swift */,
				C164652B29F1C3FB00988434 /* LoggedInSuccessPopupView.swift */,
			);
			path = "Minor Views";
			sourceTree = "<group>";
		};
		C16464F729F0B85100988434 /* Pomodoro Timer Views */ = {
			isa = PBXGroup;
			children = (
				C16464FB29F0B8D000988434 /* PomodoroTimerView.swift */,
			);
			path = "Pomodoro Timer Views";
			sourceTree = "<group>";
		};
		C16464F829F0B85D00988434 /* Calendar Views */ = {
			isa = PBXGroup;
			children = (
				C16464FD29F0B8E500988434 /* CalendarEventView.swift */,
				C164651229F0D56900988434 /* CalendarView.swift */,
			);
			path = "Calendar Views";
			sourceTree = "<group>";
		};
		C16464F929F0B86500988434 /* Forum Views */ = {
			isa = PBXGroup;
			children = (
				C164650029F0B8F500988434 /* ForumsTopView.swift */,
				C164652129F0F21400988434 /* ForumView.swift */,
				C164652329F0F27F00988434 /* CreateForumView.swift */,
			);
			path = "Forum Views";
			sourceTree = "<group>";
		};
		C16464FA29F0B86C00988434 /* Song Suggestion Views */ = {
			isa = PBXGroup;
			children = (
				C164650229F0B90200988434 /* MusicSuggestionsView.swift */,
			);
			path = "Song Suggestion Views";
			sourceTree = "<group>";
		};
		C164650429F0BA5B00988434 /* Models */ = {
			isa = PBXGroup;
			children = (
				C164650529F0BA6800988434 /* User.swift */,
				C164651A29F0E73600988434 /* Forum.swift */,
			);
			path = Models;
			sourceTree = "<group>";
		};
		C164650729F0BB3300988434 /* Data */ = {
			isa = PBXGroup;
			children = (
				C164650A29F0BE5800988434 /* users.json */,
				C164651829F0E70900988434 /* forums.json */,
			);
			path = Data;
			sourceTree = "<group>";
		};
		C164650E29F0BEF300988434 /* Services */ = {
			isa = PBXGroup;
			children = (
				C164650C29F0BEEF00988434 /* UserDataService.swift */,
				C164651C29F0ECBA00988434 /* ForumDataService.swift */,
			);
			path = Services;
			sourceTree = "<group>";
		};
		C164651E29F0EDC300988434 /* ViewModels */ = {
			isa = PBXGroup;
			children = (
				C164651F29F0EDDA00988434 /* ForumModel.swift */,
				C164652529F1B8B900988434 /* UserModel.swift */,
			);
			path = ViewModels;
			sourceTree = "<group>";
		};
		C196A5B929F09071003DE1E7 /* Views */ = {
			isa = PBXGroup;
			children = (
				C196A5C229F09145003DE1E7 /* LoginView.swift */,
				C196A5C429F09150003DE1E7 /* MainMenuView.swift */,
				C16464F829F0B85D00988434 /* Calendar Views */,
				C16464F929F0B86500988434 /* Forum Views */,
				C16464F729F0B85100988434 /* Pomodoro Timer Views */,
				C16464FA29F0B86C00988434 /* Song Suggestion Views */,
				C16464F629F0B70400988434 /* Minor Views */,
			);
			path = Views;
			sourceTree = "<group>";
		};
		C196A5BA29F09078003DE1E7 /* Helpers */ = {
			isa = PBXGroup;
			children = (
				C196A5BB29F0907F003DE1E7 /* Colors */,
				C196A5BC29F0908C003DE1E7 /* Fonts */,
			);
			path = Helpers;
			sourceTree = "<group>";
		};
		C196A5BB29F0907F003DE1E7 /* Colors */ = {
			isa = PBXGroup;
			children = (
				C196A5BF29F090CB003DE1E7 /* Color.swift */,
			);
			path = Colors;
			sourceTree = "<group>";
		};
		C196A5BC29F0908C003DE1E7 /* Fonts */ = {
			isa = PBXGroup;
			children = (
				C196A5BD29F090AB003DE1E7 /* Font.swift */,
				C196A5CC29F09586003DE1E7 /* ModeSeven.ttf */,
				C196A5CA29F0957F003DE1E7 /* DigitalNumbers.otf */,
				C196A5C829F09577003DE1E7 /* BitWise.ttf */,
			);
			path = Fonts;
			sourceTree = "<group>";
		};
/* End PBXGroup section */

/* Begin PBXNativeTarget section */
		2589C39729EFAB3A00150372 /* PlanCS */ = {
			isa = PBXNativeTarget;
			buildConfigurationList = 2589C3BD29EFAB3B00150372 /* Build configuration list for PBXNativeTarget "PlanCS" */;
			buildPhases = (
				2589C39429EFAB3A00150372 /* Sources */,
				2589C39529EFAB3A00150372 /* Frameworks */,
				2589C39629EFAB3A00150372 /* Resources */,
			);
			buildRules = (
			);
			dependencies = (
			);
			name = PlanCS;
			productName = PlanCS;
			productReference = 2589C39829EFAB3A00150372 /* PlanCS.app */;
			productType = "com.apple.product-type.application";
		};
		2589C3A829EFAB3B00150372 /* PlanCSTests */ = {
			isa = PBXNativeTarget;
			buildConfigurationList = 2589C3C029EFAB3B00150372 /* Build configuration list for PBXNativeTarget "PlanCSTests" */;
			buildPhases = (
				2589C3A529EFAB3B00150372 /* Sources */,
				2589C3A629EFAB3B00150372 /* Frameworks */,
				2589C3A729EFAB3B00150372 /* Resources */,
			);
			buildRules = (
			);
			dependencies = (
				2589C3AB29EFAB3B00150372 /* PBXTargetDependency */,
			);
			name = PlanCSTests;
			productName = PlanCSTests;
			productReference = 2589C3A929EFAB3B00150372 /* PlanCSTests.xctest */;
			productType = "com.apple.product-type.bundle.unit-test";
		};
		2589C3B229EFAB3B00150372 /* PlanCSUITests */ = {
			isa = PBXNativeTarget;
			buildConfigurationList = 2589C3C329EFAB3B00150372 /* Build configuration list for PBXNativeTarget "PlanCSUITests" */;
			buildPhases = (
				2589C3AF29EFAB3B00150372 /* Sources */,
				2589C3B029EFAB3B00150372 /* Frameworks */,
				2589C3B129EFAB3B00150372 /* Resources */,
			);
			buildRules = (
			);
			dependencies = (
				2589C3B529EFAB3B00150372 /* PBXTargetDependency */,
			);
			name = PlanCSUITests;
			productName = PlanCSUITests;
			productReference = 2589C3B329EFAB3B00150372 /* PlanCSUITests.xctest */;
			productType = "com.apple.product-type.bundle.ui-testing";
		};
/* End PBXNativeTarget section */

/* Begin PBXProject section */
		2589C39029EFAB3A00150372 /* Project object */ = {
			isa = PBXProject;
			attributes = {
				BuildIndependentTargetsInParallel = 1;
				LastSwiftUpdateCheck = 1420;
				LastUpgradeCheck = 1420;
				TargetAttributes = {
					2589C39729EFAB3A00150372 = {
						CreatedOnToolsVersion = 14.2;
					};
					2589C3A829EFAB3B00150372 = {
						CreatedOnToolsVersion = 14.2;
						TestTargetID = 2589C39729EFAB3A00150372;
					};
					2589C3B229EFAB3B00150372 = {
						CreatedOnToolsVersion = 14.2;
						TestTargetID = 2589C39729EFAB3A00150372;
					};
				};
			};
			buildConfigurationList = 2589C39329EFAB3A00150372 /* Build configuration list for PBXProject "PlanCS" */;
			compatibilityVersion = "Xcode 14.0";
			developmentRegion = en;
			hasScannedForEncodings = 0;
			knownRegions = (
				en,
				Base,
			);
			mainGroup = 2589C38F29EFAB3A00150372;
			productRefGroup = 2589C39929EFAB3A00150372 /* Products */;
			projectDirPath = "";
			projectRoot = "";
			targets = (
				2589C39729EFAB3A00150372 /* PlanCS */,
				2589C3A829EFAB3B00150372 /* PlanCSTests */,
				2589C3B229EFAB3B00150372 /* PlanCSUITests */,
			);
		};
/* End PBXProject section */

/* Begin PBXResourcesBuildPhase section */
		2589C39629EFAB3A00150372 /* Resources */ = {
			isa = PBXResourcesBuildPhase;
			buildActionMask = 2147483647;
			files = (
				C196A5CB29F0957F003DE1E7 /* DigitalNumbers.otf in Resources */,
				C196A5C929F09577003DE1E7 /* BitWise.ttf in Resources */,
				2589C3A429EFAB3A00150372 /* Preview Assets.xcassets in Resources */,
				C196A5CD29F09586003DE1E7 /* ModeSeven.ttf in Resources */,
				C164650B29F0BE5800988434 /* users.json in Resources */,
				C164651929F0E70900988434 /* forums.json in Resources */,
				2589C3A029EFAB3A00150372 /* Assets.xcassets in Resources */,
			);
			runOnlyForDeploymentPostprocessing = 0;
		};
		2589C3A729EFAB3B00150372 /* Resources */ = {
			isa = PBXResourcesBuildPhase;
			buildActionMask = 2147483647;
			files = (
			);
			runOnlyForDeploymentPostprocessing = 0;
		};
		2589C3B129EFAB3B00150372 /* Resources */ = {
			isa = PBXResourcesBuildPhase;
			buildActionMask = 2147483647;
			files = (
			);
			runOnlyForDeploymentPostprocessing = 0;
		};
/* End PBXResourcesBuildPhase section */

/* Begin PBXSourcesBuildPhase section */
		2589C39429EFAB3A00150372 /* Sources */ = {
			isa = PBXSourcesBuildPhase;
			buildActionMask = 2147483647;
			files = (
				C196A5C729F09169003DE1E7 /* InputFieldView.swift in Sources */,
				C164650329F0B90200988434 /* MusicSuggestionsView.swift in Sources */,
				C196A5C529F09150003DE1E7 /* MainMenuView.swift in Sources */,
				2589C3C929EFACF900150372 /* music_path1View.swift in Sources */,
				C164652C29F1C3FB00988434 /* LoggedInSuccessPopupView.swift in Sources */,
				C164650629F0BA6800988434 /* User.swift in Sources */,
				C164652029F0EDDA00988434 /* ForumModel.swift in Sources */,
				2589C39E29EFAB3A00150372 /* ContentView.swift in Sources */,
				C196A5BE29F090AB003DE1E7 /* Font.swift in Sources */,
				C164651D29F0ECBA00988434 /* ForumDataService.swift in Sources */,
				C196A5C329F09145003DE1E7 /* LoginView.swift in Sources */,
				C164652829F1BC0100988434 /* CreateAccountPopupView.swift in Sources */,
				C164651529F0D5B900988434 /* EventTextBoxView.swift in Sources */,
				C16464FE29F0B8E500988434 /* CalendarEventView.swift in Sources */,
				2589C3CB29EFAD1000150372 /* music_path2View.swift in Sources */,
				C164650129F0B8F500988434 /* ForumsTopView.swift in Sources */,
				2589C39C29EFAB3A00150372 /* PlanCSApp.swift in Sources */,
				C164651329F0D56900988434 /* CalendarView.swift in Sources */,
				C164652429F0F27F00988434 /* CreateForumView.swift in Sources */,
				C196A5C029F090CB003DE1E7 /* Color.swift in Sources */,
				C164652229F0F21400988434 /* ForumView.swift in Sources */,
				C16464FC29F0B8D000988434 /* PomodoroTimerView.swift in Sources */,
				C164651029F0C4A000988434 /* LoginFormView.swift in Sources */,
				C164651729F0DBFE00988434 /* TitleView.swift in Sources */,
				C164652A29F1BC1600988434 /* WrongPasswordPopupView.swift in Sources */,
				C164652629F1B8B900988434 /* UserModel.swift in Sources */,
				2589C3CF29EFAD5A00150372 /* music_path4View.swift in Sources */,
				2589C3CD29EFAD4300150372 /* music_path3View.swift in Sources */,
				C164650D29F0BEEF00988434 /* UserDataService.swift in Sources */,
				C164651B29F0E73600988434 /* Forum.swift in Sources */,
			);
			runOnlyForDeploymentPostprocessing = 0;
		};
		2589C3A529EFAB3B00150372 /* Sources */ = {
			isa = PBXSourcesBuildPhase;
			buildActionMask = 2147483647;
			files = (
				2589C3AE29EFAB3B00150372 /* PlanCSTests.swift in Sources */,
			);
			runOnlyForDeploymentPostprocessing = 0;
		};
		2589C3AF29EFAB3B00150372 /* Sources */ = {
			isa = PBXSourcesBuildPhase;
			buildActionMask = 2147483647;
			files = (
				2589C3B829EFAB3B00150372 /* PlanCSUITests.swift in Sources */,
				2589C3BA29EFAB3B00150372 /* PlanCSUITestsLaunchTests.swift in Sources */,
			);
			runOnlyForDeploymentPostprocessing = 0;
		};
/* End PBXSourcesBuildPhase section */

/* Begin PBXTargetDependency section */
		2589C3AB29EFAB3B00150372 /* PBXTargetDependency */ = {
			isa = PBXTargetDependency;
			target = 2589C39729EFAB3A00150372 /* PlanCS */;
			targetProxy = 2589C3AA29EFAB3B00150372 /* PBXContainerItemProxy */;
		};
		2589C3B529EFAB3B00150372 /* PBXTargetDependency */ = {
			isa = PBXTargetDependency;
			target = 2589C39729EFAB3A00150372 /* PlanCS */;
			targetProxy = 2589C3B429EFAB3B00150372 /* PBXContainerItemProxy */;
		};
/* End PBXTargetDependency section */

/* Begin XCBuildConfiguration section */
		2589C3BB29EFAB3B00150372 /* Debug */ = {
			isa = XCBuildConfiguration;
			buildSettings = {
				ALWAYS_SEARCH_USER_PATHS = NO;
				CLANG_ANALYZER_NONNULL = YES;
				CLANG_ANALYZER_NUMBER_OBJECT_CONVERSION = YES_AGGRESSIVE;
				CLANG_CXX_LANGUAGE_STANDARD = "gnu++20";
				CLANG_ENABLE_MODULES = YES;
				CLANG_ENABLE_OBJC_ARC = YES;
				CLANG_ENABLE_OBJC_WEAK = YES;
				CLANG_WARN_BLOCK_CAPTURE_AUTORELEASING = YES;
				CLANG_WARN_BOOL_CONVERSION = YES;
				CLANG_WARN_COMMA = YES;
				CLANG_WARN_CONSTANT_CONVERSION = YES;
				CLANG_WARN_DEPRECATED_OBJC_IMPLEMENTATIONS = YES;
				CLANG_WARN_DIRECT_OBJC_ISA_USAGE = YES_ERROR;
				CLANG_WARN_DOCUMENTATION_COMMENTS = YES;
				CLANG_WARN_EMPTY_BODY = YES;
				CLANG_WARN_ENUM_CONVERSION = YES;
				CLANG_WARN_INFINITE_RECURSION = YES;
				CLANG_WARN_INT_CONVERSION = YES;
				CLANG_WARN_NON_LITERAL_NULL_CONVERSION = YES;
				CLANG_WARN_OBJC_IMPLICIT_RETAIN_SELF = YES;
				CLANG_WARN_OBJC_LITERAL_CONVERSION = YES;
				CLANG_WARN_OBJC_ROOT_CLASS = YES_ERROR;
				CLANG_WARN_QUOTED_INCLUDE_IN_FRAMEWORK_HEADER = YES;
				CLANG_WARN_RANGE_LOOP_ANALYSIS = YES;
				CLANG_WARN_STRICT_PROTOTYPES = YES;
				CLANG_WARN_SUSPICIOUS_MOVE = YES;
				CLANG_WARN_UNGUARDED_AVAILABILITY = YES_AGGRESSIVE;
				CLANG_WARN_UNREACHABLE_CODE = YES;
				CLANG_WARN__DUPLICATE_METHOD_MATCH = YES;
				COPY_PHASE_STRIP = NO;
				DEBUG_INFORMATION_FORMAT = dwarf;
				ENABLE_STRICT_OBJC_MSGSEND = YES;
				ENABLE_TESTABILITY = YES;
				GCC_C_LANGUAGE_STANDARD = gnu11;
				GCC_DYNAMIC_NO_PIC = NO;
				GCC_NO_COMMON_BLOCKS = YES;
				GCC_OPTIMIZATION_LEVEL = 0;
				GCC_PREPROCESSOR_DEFINITIONS = (
					"DEBUG=1",
					"$(inherited)",
				);
				GCC_WARN_64_TO_32_BIT_CONVERSION = YES;
				GCC_WARN_ABOUT_RETURN_TYPE = YES_ERROR;
				GCC_WARN_UNDECLARED_SELECTOR = YES;
				GCC_WARN_UNINITIALIZED_AUTOS = YES_AGGRESSIVE;
				GCC_WARN_UNUSED_FUNCTION = YES;
				GCC_WARN_UNUSED_VARIABLE = YES;
				MTL_ENABLE_DEBUG_INFO = INCLUDE_SOURCE;
				MTL_FAST_MATH = YES;
				ONLY_ACTIVE_ARCH = YES;
				SWIFT_ACTIVE_COMPILATION_CONDITIONS = DEBUG;
				SWIFT_OPTIMIZATION_LEVEL = "-Onone";
			};
			name = Debug;
		};
		2589C3BC29EFAB3B00150372 /* Release */ = {
			isa = XCBuildConfiguration;
			buildSettings = {
				ALWAYS_SEARCH_USER_PATHS = NO;
				CLANG_ANALYZER_NONNULL = YES;
				CLANG_ANALYZER_NUMBER_OBJECT_CONVERSION = YES_AGGRESSIVE;
				CLANG_CXX_LANGUAGE_STANDARD = "gnu++20";
				CLANG_ENABLE_MODULES = YES;
				CLANG_ENABLE_OBJC_ARC = YES;
				CLANG_ENABLE_OBJC_WEAK = YES;
				CLANG_WARN_BLOCK_CAPTURE_AUTORELEASING = YES;
				CLANG_WARN_BOOL_CONVERSION = YES;
				CLANG_WARN_COMMA = YES;
				CLANG_WARN_CONSTANT_CONVERSION = YES;
				CLANG_WARN_DEPRECATED_OBJC_IMPLEMENTATIONS = YES;
				CLANG_WARN_DIRECT_OBJC_ISA_USAGE = YES_ERROR;
				CLANG_WARN_DOCUMENTATION_COMMENTS = YES;
				CLANG_WARN_EMPTY_BODY = YES;
				CLANG_WARN_ENUM_CONVERSION = YES;
				CLANG_WARN_INFINITE_RECURSION = YES;
				CLANG_WARN_INT_CONVERSION = YES;
				CLANG_WARN_NON_LITERAL_NULL_CONVERSION = YES;
				CLANG_WARN_OBJC_IMPLICIT_RETAIN_SELF = YES;
				CLANG_WARN_OBJC_LITERAL_CONVERSION = YES;
				CLANG_WARN_OBJC_ROOT_CLASS = YES_ERROR;
				CLANG_WARN_QUOTED_INCLUDE_IN_FRAMEWORK_HEADER = YES;
				CLANG_WARN_RANGE_LOOP_ANALYSIS = YES;
				CLANG_WARN_STRICT_PROTOTYPES = YES;
				CLANG_WARN_SUSPICIOUS_MOVE = YES;
				CLANG_WARN_UNGUARDED_AVAILABILITY = YES_AGGRESSIVE;
				CLANG_WARN_UNREACHABLE_CODE = YES;
				CLANG_WARN__DUPLICATE_METHOD_MATCH = YES;
				COPY_PHASE_STRIP = NO;
				DEBUG_INFORMATION_FORMAT = "dwarf-with-dsym";
				ENABLE_NS_ASSERTIONS = NO;
				ENABLE_STRICT_OBJC_MSGSEND = YES;
				GCC_C_LANGUAGE_STANDARD = gnu11;
				GCC_NO_COMMON_BLOCKS = YES;
				GCC_WARN_64_TO_32_BIT_CONVERSION = YES;
				GCC_WARN_ABOUT_RETURN_TYPE = YES_ERROR;
				GCC_WARN_UNDECLARED_SELECTOR = YES;
				GCC_WARN_UNINITIALIZED_AUTOS = YES_AGGRESSIVE;
				GCC_WARN_UNUSED_FUNCTION = YES;
				GCC_WARN_UNUSED_VARIABLE = YES;
				MTL_ENABLE_DEBUG_INFO = NO;
				MTL_FAST_MATH = YES;
				SWIFT_COMPILATION_MODE = wholemodule;
				SWIFT_OPTIMIZATION_LEVEL = "-O";
			};
			name = Release;
		};
		2589C3BE29EFAB3B00150372 /* Debug */ = {
			isa = XCBuildConfiguration;
			buildSettings = {
				ASSETCATALOG_COMPILER_APPICON_NAME = AppIcon;
				ASSETCATALOG_COMPILER_GLOBAL_ACCENT_COLOR_NAME = AccentColor;
				CODE_SIGN_ENTITLEMENTS = PlanCS/PlanCS.entitlements;
				"CODE_SIGN_IDENTITY[sdk=macosx*]" = "-";
				CODE_SIGN_STYLE = Automatic;
				CURRENT_PROJECT_VERSION = 1;
				DEVELOPMENT_ASSET_PATHS = "\"PlanCS/Preview Content\"";
				DEVELOPMENT_TEAM = "";
				ENABLE_PREVIEWS = YES;
				GENERATE_INFOPLIST_FILE = YES;
				INFOPLIST_FILE = PlanCS/Info.plist;
				"INFOPLIST_KEY_UIApplicationSceneManifest_Generation[sdk=iphoneos*]" = YES;
				"INFOPLIST_KEY_UIApplicationSceneManifest_Generation[sdk=iphonesimulator*]" = YES;
				"INFOPLIST_KEY_UIApplicationSupportsIndirectInputEvents[sdk=iphoneos*]" = YES;
				"INFOPLIST_KEY_UIApplicationSupportsIndirectInputEvents[sdk=iphonesimulator*]" = YES;
				"INFOPLIST_KEY_UILaunchScreen_Generation[sdk=iphoneos*]" = YES;
				"INFOPLIST_KEY_UILaunchScreen_Generation[sdk=iphonesimulator*]" = YES;
				"INFOPLIST_KEY_UIStatusBarStyle[sdk=iphoneos*]" = UIStatusBarStyleDefault;
				"INFOPLIST_KEY_UIStatusBarStyle[sdk=iphonesimulator*]" = UIStatusBarStyleDefault;
				INFOPLIST_KEY_UISupportedInterfaceOrientations_iPad = "UIInterfaceOrientationPortrait UIInterfaceOrientationPortraitUpsideDown UIInterfaceOrientationLandscapeLeft UIInterfaceOrientationLandscapeRight";
				INFOPLIST_KEY_UISupportedInterfaceOrientations_iPhone = "UIInterfaceOrientationPortrait UIInterfaceOrientationLandscapeLeft UIInterfaceOrientationLandscapeRight";
				IPHONEOS_DEPLOYMENT_TARGET = 16.2;
				LD_RUNPATH_SEARCH_PATHS = "@executable_path/Frameworks";
				"LD_RUNPATH_SEARCH_PATHS[sdk=macosx*]" = "@executable_path/../Frameworks";
				MACOSX_DEPLOYMENT_TARGET = 13.0;
				MARKETING_VERSION = 1.0;
				PRODUCT_BUNDLE_IDENTIFIER = TeamSwan.PlanCS;
				PRODUCT_NAME = "$(TARGET_NAME)";
				SDKROOT = auto;
				SUPPORTED_PLATFORMS = "iphoneos iphonesimulator macosx";
				SWIFT_EMIT_LOC_STRINGS = YES;
				SWIFT_VERSION = 5.0;
				TARGETED_DEVICE_FAMILY = "1,2";
			};
			name = Debug;
		};
		2589C3BF29EFAB3B00150372 /* Release */ = {
			isa = XCBuildConfiguration;
			buildSettings = {
				ASSETCATALOG_COMPILER_APPICON_NAME = AppIcon;
				ASSETCATALOG_COMPILER_GLOBAL_ACCENT_COLOR_NAME = AccentColor;
				CODE_SIGN_ENTITLEMENTS = PlanCS/PlanCS.entitlements;
				"CODE_SIGN_IDENTITY[sdk=macosx*]" = "-";
				CODE_SIGN_STYLE = Automatic;
				CURRENT_PROJECT_VERSION = 1;
				DEVELOPMENT_ASSET_PATHS = "\"PlanCS/Preview Content\"";
				DEVELOPMENT_TEAM = "";
				ENABLE_PREVIEWS = YES;
				GENERATE_INFOPLIST_FILE = YES;
				INFOPLIST_FILE = PlanCS/Info.plist;
				"INFOPLIST_KEY_UIApplicationSceneManifest_Generation[sdk=iphoneos*]" = YES;
				"INFOPLIST_KEY_UIApplicationSceneManifest_Generation[sdk=iphonesimulator*]" = YES;
				"INFOPLIST_KEY_UIApplicationSupportsIndirectInputEvents[sdk=iphoneos*]" = YES;
				"INFOPLIST_KEY_UIApplicationSupportsIndirectInputEvents[sdk=iphonesimulator*]" = YES;
				"INFOPLIST_KEY_UILaunchScreen_Generation[sdk=iphoneos*]" = YES;
				"INFOPLIST_KEY_UILaunchScreen_Generation[sdk=iphonesimulator*]" = YES;
				"INFOPLIST_KEY_UIStatusBarStyle[sdk=iphoneos*]" = UIStatusBarStyleDefault;
				"INFOPLIST_KEY_UIStatusBarStyle[sdk=iphonesimulator*]" = UIStatusBarStyleDefault;
				INFOPLIST_KEY_UISupportedInterfaceOrientations_iPad = "UIInterfaceOrientationPortrait UIInterfaceOrientationPortraitUpsideDown UIInterfaceOrientationLandscapeLeft UIInterfaceOrientationLandscapeRight";
				INFOPLIST_KEY_UISupportedInterfaceOrientations_iPhone = "UIInterfaceOrientationPortrait UIInterfaceOrientationLandscapeLeft UIInterfaceOrientationLandscapeRight";
				IPHONEOS_DEPLOYMENT_TARGET = 16.2;
				LD_RUNPATH_SEARCH_PATHS = "@executable_path/Frameworks";
				"LD_RUNPATH_SEARCH_PATHS[sdk=macosx*]" = "@executable_path/../Frameworks";
				MACOSX_DEPLOYMENT_TARGET = 13.0;
				MARKETING_VERSION = 1.0;
				PRODUCT_BUNDLE_IDENTIFIER = TeamSwan.PlanCS;
				PRODUCT_NAME = "$(TARGET_NAME)";
				SDKROOT = auto;
				SUPPORTED_PLATFORMS = "iphoneos iphonesimulator macosx";
				SWIFT_EMIT_LOC_STRINGS = YES;
				SWIFT_VERSION = 5.0;
				TARGETED_DEVICE_FAMILY = "1,2";
			};
			name = Release;
		};
		2589C3C129EFAB3B00150372 /* Debug */ = {
			isa = XCBuildConfiguration;
			buildSettings = {
				ALWAYS_EMBED_SWIFT_STANDARD_LIBRARIES = YES;
				BUNDLE_LOADER = "$(TEST_HOST)";
				CODE_SIGN_STYLE = Automatic;
				CURRENT_PROJECT_VERSION = 1;
				GENERATE_INFOPLIST_FILE = YES;
				IPHONEOS_DEPLOYMENT_TARGET = 16.2;
				MACOSX_DEPLOYMENT_TARGET = 12.6;
				MARKETING_VERSION = 1.0;
				PRODUCT_BUNDLE_IDENTIFIER = TeamSwan.PlanCSTests;
				PRODUCT_NAME = "$(TARGET_NAME)";
				SDKROOT = auto;
				SUPPORTED_PLATFORMS = "iphoneos iphonesimulator macosx";
				SWIFT_EMIT_LOC_STRINGS = NO;
				SWIFT_VERSION = 5.0;
				TARGETED_DEVICE_FAMILY = "1,2";
				TEST_HOST = "$(BUILT_PRODUCTS_DIR)/PlanCS.app/$(BUNDLE_EXECUTABLE_FOLDER_PATH)/PlanCS";
			};
			name = Debug;
		};
		2589C3C229EFAB3B00150372 /* Release */ = {
			isa = XCBuildConfiguration;
			buildSettings = {
				ALWAYS_EMBED_SWIFT_STANDARD_LIBRARIES = YES;
				BUNDLE_LOADER = "$(TEST_HOST)";
				CODE_SIGN_STYLE = Automatic;
				CURRENT_PROJECT_VERSION = 1;
				GENERATE_INFOPLIST_FILE = YES;
				IPHONEOS_DEPLOYMENT_TARGET = 16.2;
				MACOSX_DEPLOYMENT_TARGET = 12.6;
				MARKETING_VERSION = 1.0;
				PRODUCT_BUNDLE_IDENTIFIER = TeamSwan.PlanCSTests;
				PRODUCT_NAME = "$(TARGET_NAME)";
				SDKROOT = auto;
				SUPPORTED_PLATFORMS = "iphoneos iphonesimulator macosx";
				SWIFT_EMIT_LOC_STRINGS = NO;
				SWIFT_VERSION = 5.0;
				TARGETED_DEVICE_FAMILY = "1,2";
				TEST_HOST = "$(BUILT_PRODUCTS_DIR)/PlanCS.app/$(BUNDLE_EXECUTABLE_FOLDER_PATH)/PlanCS";
			};
			name = Release;
		};
		2589C3C429EFAB3B00150372 /* Debug */ = {
			isa = XCBuildConfiguration;
			buildSettings = {
				ALWAYS_EMBED_SWIFT_STANDARD_LIBRARIES = YES;
				CODE_SIGN_STYLE = Automatic;
				CURRENT_PROJECT_VERSION = 1;
				GENERATE_INFOPLIST_FILE = YES;
				IPHONEOS_DEPLOYMENT_TARGET = 16.2;
				MACOSX_DEPLOYMENT_TARGET = 12.6;
				MARKETING_VERSION = 1.0;
				PRODUCT_BUNDLE_IDENTIFIER = TeamSwan.PlanCSUITests;
				PRODUCT_NAME = "$(TARGET_NAME)";
				SDKROOT = auto;
				SUPPORTED_PLATFORMS = "iphoneos iphonesimulator macosx";
				SWIFT_EMIT_LOC_STRINGS = NO;
				SWIFT_VERSION = 5.0;
				TARGETED_DEVICE_FAMILY = "1,2";
				TEST_TARGET_NAME = PlanCS;
			};
			name = Debug;
		};
		2589C3C529EFAB3B00150372 /* Release */ = {
			isa = XCBuildConfiguration;
			buildSettings = {
				ALWAYS_EMBED_SWIFT_STANDARD_LIBRARIES = YES;
				CODE_SIGN_STYLE = Automatic;
				CURRENT_PROJECT_VERSION = 1;
				GENERATE_INFOPLIST_FILE = YES;
				IPHONEOS_DEPLOYMENT_TARGET = 16.2;
				MACOSX_DEPLOYMENT_TARGET = 12.6;
				MARKETING_VERSION = 1.0;
				PRODUCT_BUNDLE_IDENTIFIER = TeamSwan.PlanCSUITests;
				PRODUCT_NAME = "$(TARGET_NAME)";
				SDKROOT = auto;
				SUPPORTED_PLATFORMS = "iphoneos iphonesimulator macosx";
				SWIFT_EMIT_LOC_STRINGS = NO;
				SWIFT_VERSION = 5.0;
				TARGETED_DEVICE_FAMILY = "1,2";
				TEST_TARGET_NAME = PlanCS;
			};
			name = Release;
		};
/* End XCBuildConfiguration section */

/* Begin XCConfigurationList section */
		2589C39329EFAB3A00150372 /* Build configuration list for PBXProject "PlanCS" */ = {
			isa = XCConfigurationList;
			buildConfigurations = (
				2589C3BB29EFAB3B00150372 /* Debug */,
				2589C3BC29EFAB3B00150372 /* Release */,
			);
			defaultConfigurationIsVisible = 0;
			defaultConfigurationName = Release;
		};
		2589C3BD29EFAB3B00150372 /* Build configuration list for PBXNativeTarget "PlanCS" */ = {
			isa = XCConfigurationList;
			buildConfigurations = (
				2589C3BE29EFAB3B00150372 /* Debug */,
				2589C3BF29EFAB3B00150372 /* Release */,
			);
			defaultConfigurationIsVisible = 0;
			defaultConfigurationName = Release;
		};
		2589C3C029EFAB3B00150372 /* Build configuration list for PBXNativeTarget "PlanCSTests" */ = {
			isa = XCConfigurationList;
			buildConfigurations = (
				2589C3C129EFAB3B00150372 /* Debug */,
				2589C3C229EFAB3B00150372 /* Release */,
			);
			defaultConfigurationIsVisible = 0;
			defaultConfigurationName = Release;
		};
		2589C3C329EFAB3B00150372 /* Build configuration list for PBXNativeTarget "PlanCSUITests" */ = {
			isa = XCConfigurationList;
			buildConfigurations = (
				2589C3C429EFAB3B00150372 /* Debug */,
				2589C3C529EFAB3B00150372 /* Release */,
			);
			defaultConfigurationIsVisible = 0;
			defaultConfigurationName = Release;
		};
/* End XCConfigurationList section */
	};
	rootObject = 2589C39029EFAB3A00150372 /* Project object */;
}
